// !$*UTF8*$!
{
	archiveVersion = 1;
	classes = {
	};
	objectVersion = 56;
	objects = {

/* Begin PBXBuildFile section */
		8B034AF42C81EABB0003D6A5 /* AppDelegate.swift in Sources */ = {isa = PBXBuildFile; fileRef = 8B034AF32C81EABB0003D6A5 /* AppDelegate.swift */; };
		8B034AF62C81EABB0003D6A5 /* SceneDelegate.swift in Sources */ = {isa = PBXBuildFile; fileRef = 8B034AF52C81EABB0003D6A5 /* SceneDelegate.swift */; };
		8B034AFD2C81EABD0003D6A5 /* Assets.xcassets in Resources */ = {isa = PBXBuildFile; fileRef = 8B034AFC2C81EABD0003D6A5 /* Assets.xcassets */; };
		8B034B002C81EABD0003D6A5 /* Base in Resources */ = {isa = PBXBuildFile; fileRef = 8B034AFF2C81EABD0003D6A5 /* Base */; };
		8B034B0F2C822A970003D6A5 /* SearchController.swift in Sources */ = {isa = PBXBuildFile; fileRef = 8B034B0E2C822A960003D6A5 /* SearchController.swift */; };
		8B034B112C822AAC0003D6A5 /* FavoritesController.swift in Sources */ = {isa = PBXBuildFile; fileRef = 8B034B102C822AAC0003D6A5 /* FavoritesController.swift */; };
		8B034B132C8325B10003D6A5 /* MainTabController.swift in Sources */ = {isa = PBXBuildFile; fileRef = 8B034B122C8325B10003D6A5 /* MainTabController.swift */; };
		8BD8AD462C986A17003B880B /* Constants.swift in Sources */ = {isa = PBXBuildFile; fileRef = 8BD8AD452C986A17003B880B /* Constants.swift */; };
		8BD8AD482C986ACD003B880B /* Extensions.swift in Sources */ = {isa = PBXBuildFile; fileRef = 8BD8AD472C986ACD003B880B /* Extensions.swift */; };
		8BD8AD4A2C986C35003B880B /* Textfields.swift in Sources */ = {isa = PBXBuildFile; fileRef = 8BD8AD492C986C35003B880B /* Textfields.swift */; };
		8BD8AD4C2C986CAE003B880B /* Buttons.swift in Sources */ = {isa = PBXBuildFile; fileRef = 8BD8AD4B2C986CAE003B880B /* Buttons.swift */; };
		8BD8AD5A2C99C082003B880B /* Book.swift in Sources */ = {isa = PBXBuildFile; fileRef = 8BD8AD592C99C082003B880B /* Book.swift */; };
		8BD8AD602C99C50D003B880B /* APIService.swift in Sources */ = {isa = PBXBuildFile; fileRef = 8BD8AD5F2C99C50D003B880B /* APIService.swift */; };
		8BD8AD682C99C613003B880B /* Alamofire in Frameworks */ = {isa = PBXBuildFile; productRef = 8BD8AD672C99C613003B880B /* Alamofire */; };
		8BD8AD6A2C99CA54003B880B /* BookController.swift in Sources */ = {isa = PBXBuildFile; fileRef = 8BD8AD692C99CA54003B880B /* BookController.swift */; };
		8BD8AD6C2C99CAAF003B880B /* ImageViews.swift in Sources */ = {isa = PBXBuildFile; fileRef = 8BD8AD6B2C99CAAF003B880B /* ImageViews.swift */; };
/* End PBXBuildFile section */

/* Begin PBXFileReference section */
		8B034AF02C81EABB0003D6A5 /* book-search-app.app */ = {isa = PBXFileReference; explicitFileType = wrapper.application; includeInIndex = 0; path = "book-search-app.app"; sourceTree = BUILT_PRODUCTS_DIR; };
		8B034AF32C81EABB0003D6A5 /* AppDelegate.swift */ = {isa = PBXFileReference; lastKnownFileType = sourcecode.swift; path = AppDelegate.swift; sourceTree = "<group>"; };
		8B034AF52C81EABB0003D6A5 /* SceneDelegate.swift */ = {isa = PBXFileReference; lastKnownFileType = sourcecode.swift; path = SceneDelegate.swift; sourceTree = "<group>"; };
		8B034AFC2C81EABD0003D6A5 /* Assets.xcassets */ = {isa = PBXFileReference; lastKnownFileType = folder.assetcatalog; path = Assets.xcassets; sourceTree = "<group>"; };
		8B034AFF2C81EABD0003D6A5 /* Base */ = {isa = PBXFileReference; lastKnownFileType = file.storyboard; name = Base; path = Base.lproj/LaunchScreen.storyboard; sourceTree = "<group>"; };
		8B034B012C81EABD0003D6A5 /* Info.plist */ = {isa = PBXFileReference; lastKnownFileType = text.plist.xml; path = Info.plist; sourceTree = "<group>"; };
		8B034B0E2C822A960003D6A5 /* SearchController.swift */ = {isa = PBXFileReference; lastKnownFileType = sourcecode.swift; path = SearchController.swift; sourceTree = "<group>"; };
		8B034B102C822AAC0003D6A5 /* FavoritesController.swift */ = {isa = PBXFileReference; lastKnownFileType = sourcecode.swift; path = FavoritesController.swift; sourceTree = "<group>"; };
		8B034B122C8325B10003D6A5 /* MainTabController.swift */ = {isa = PBXFileReference; lastKnownFileType = sourcecode.swift; path = MainTabController.swift; sourceTree = "<group>"; };
		8BD8AD452C986A17003B880B /* Constants.swift */ = {isa = PBXFileReference; lastKnownFileType = sourcecode.swift; path = Constants.swift; sourceTree = "<group>"; };
		8BD8AD472C986ACD003B880B /* Extensions.swift */ = {isa = PBXFileReference; lastKnownFileType = sourcecode.swift; path = Extensions.swift; sourceTree = "<group>"; };
		8BD8AD492C986C35003B880B /* Textfields.swift */ = {isa = PBXFileReference; lastKnownFileType = sourcecode.swift; path = Textfields.swift; sourceTree = "<group>"; };
		8BD8AD4B2C986CAE003B880B /* Buttons.swift */ = {isa = PBXFileReference; lastKnownFileType = sourcecode.swift; path = Buttons.swift; sourceTree = "<group>"; };
		8BD8AD592C99C082003B880B /* Book.swift */ = {isa = PBXFileReference; lastKnownFileType = sourcecode.swift; path = Book.swift; sourceTree = "<group>"; };
		8BD8AD5F2C99C50D003B880B /* APIService.swift */ = {isa = PBXFileReference; lastKnownFileType = sourcecode.swift; path = APIService.swift; sourceTree = "<group>"; };
		8BD8AD692C99CA54003B880B /* BookController.swift */ = {isa = PBXFileReference; lastKnownFileType = sourcecode.swift; path = BookController.swift; sourceTree = "<group>"; };
		8BD8AD6B2C99CAAF003B880B /* ImageViews.swift */ = {isa = PBXFileReference; lastKnownFileType = sourcecode.swift; path = ImageViews.swift; sourceTree = "<group>"; };
/* End PBXFileReference section */

/* Begin PBXFrameworksBuildPhase section */
		8B034AED2C81EABB0003D6A5 /* Frameworks */ = {
			isa = PBXFrameworksBuildPhase;
			buildActionMask = 2147483647;
			files = (
				8BD8AD682C99C613003B880B /* Alamofire in Frameworks */,
			);
			runOnlyForDeploymentPostprocessing = 0;
		};
/* End PBXFrameworksBuildPhase section */

/* Begin PBXGroup section */
		8B034AE72C81EABB0003D6A5 = {
			isa = PBXGroup;
			children = (
				8B034AF22C81EABB0003D6A5 /* book-search-app */,
				8B034AF12C81EABB0003D6A5 /* Products */,
			);
			sourceTree = "<group>";
		};
		8B034AF12C81EABB0003D6A5 /* Products */ = {
			isa = PBXGroup;
			children = (
				8B034AF02C81EABB0003D6A5 /* book-search-app.app */,
			);
			name = Products;
			sourceTree = "<group>";
		};
		8B034AF22C81EABB0003D6A5 /* book-search-app */ = {
			isa = PBXGroup;
			children = (
				8B034B072C81EC590003D6A5 /* Model */,
				8B034B082C81EC680003D6A5 /* View */,
				8B034B0A2C81EC6E0003D6A5 /* Controller */,
				8B034B0C2C81EC850003D6A5 /* Manager */,
				8B034B0B2C81EC790003D6A5 /* Utils */,
				8B034B0D2C81EC900003D6A5 /* Support */,
				8B034B012C81EABD0003D6A5 /* Info.plist */,
			);
			path = "book-search-app";
			sourceTree = "<group>";
		};
		8B034B072C81EC590003D6A5 /* Model */ = {
			isa = PBXGroup;
			children = (
				8BD8AD592C99C082003B880B /* Book.swift */,
			);
			path = Model;
			sourceTree = "<group>";
		};
		8B034B082C81EC680003D6A5 /* View */ = {
			isa = PBXGroup;
			children = (
				8BD8AD492C986C35003B880B /* Textfields.swift */,
				8BD8AD4B2C986CAE003B880B /* Buttons.swift */,
				8BD8AD6B2C99CAAF003B880B /* ImageViews.swift */,
			);
			path = View;
			sourceTree = "<group>";
		};
		8B034B0A2C81EC6E0003D6A5 /* Controller */ = {
			isa = PBXGroup;
			children = (
				8B034B122C8325B10003D6A5 /* MainTabController.swift */,
				8B034B0E2C822A960003D6A5 /* SearchController.swift */,
				8B034B102C822AAC0003D6A5 /* FavoritesController.swift */,
				8BD8AD692C99CA54003B880B /* BookController.swift */,
			);
			path = Controller;
			sourceTree = "<group>";
		};
		8B034B0B2C81EC790003D6A5 /* Utils */ = {
			isa = PBXGroup;
			children = (
				8BD8AD452C986A17003B880B /* Constants.swift */,
				8BD8AD472C986ACD003B880B /* Extensions.swift */,
			);
			path = Utils;
			sourceTree = "<group>";
		};
		8B034B0C2C81EC850003D6A5 /* Manager */ = {
			isa = PBXGroup;
			children = (
				8BD8AD5F2C99C50D003B880B /* APIService.swift */,
			);
			path = Manager;
			sourceTree = "<group>";
		};
		8B034B0D2C81EC900003D6A5 /* Support */ = {
			isa = PBXGroup;
			children = (
				8B034AF32C81EABB0003D6A5 /* AppDelegate.swift */,
				8B034AF52C81EABB0003D6A5 /* SceneDelegate.swift */,
				8B034AFC2C81EABD0003D6A5 /* Assets.xcassets */,
				8B034AFE2C81EABD0003D6A5 /* LaunchScreen.storyboard */,
			);
			path = Support;
			sourceTree = "<group>";
		};
/* End PBXGroup section */

/* Begin PBXNativeTarget section */
		8B034AEF2C81EABB0003D6A5 /* book-search-app */ = {
			isa = PBXNativeTarget;
			buildConfigurationList = 8B034B042C81EABD0003D6A5 /* Build configuration list for PBXNativeTarget "book-search-app" */;
			buildPhases = (
				8B034AEC2C81EABB0003D6A5 /* Sources */,
				8B034AED2C81EABB0003D6A5 /* Frameworks */,
				8B034AEE2C81EABB0003D6A5 /* Resources */,
			);
			buildRules = (
			);
			dependencies = (
			);
			name = "book-search-app";
			packageProductDependencies = (
				8BD8AD672C99C613003B880B /* Alamofire */,
			);
			productName = "book-search-app";
			productReference = 8B034AF02C81EABB0003D6A5 /* book-search-app.app */;
			productType = "com.apple.product-type.application";
		};
/* End PBXNativeTarget section */

/* Begin PBXProject section */
		8B034AE82C81EABB0003D6A5 /* Project object */ = {
			isa = PBXProject;
			attributes = {
				BuildIndependentTargetsInParallel = 1;
				LastSwiftUpdateCheck = 1540;
				LastUpgradeCheck = 1540;
				TargetAttributes = {
					8B034AEF2C81EABB0003D6A5 = {
						CreatedOnToolsVersion = 15.4;
					};
				};
			};
			buildConfigurationList = 8B034AEB2C81EABB0003D6A5 /* Build configuration list for PBXProject "book-search-app" */;
			compatibilityVersion = "Xcode 14.0";
			developmentRegion = en;
			hasScannedForEncodings = 0;
			knownRegions = (
				en,
				Base,
			);
			mainGroup = 8B034AE72C81EABB0003D6A5;
			packageReferences = (
				8BD8AD662C99C613003B880B /* XCRemoteSwiftPackageReference "Alamofire" */,
			);
			productRefGroup = 8B034AF12C81EABB0003D6A5 /* Products */;
			projectDirPath = "";
			projectRoot = "";
			targets = (
				8B034AEF2C81EABB0003D6A5 /* book-search-app */,
			);
		};
/* End PBXProject section */

/* Begin PBXResourcesBuildPhase section */
		8B034AEE2C81EABB0003D6A5 /* Resources */ = {
			isa = PBXResourcesBuildPhase;
			buildActionMask = 2147483647;
			files = (
				8B034AFD2C81EABD0003D6A5 /* Assets.xcassets in Resources */,
				8B034B002C81EABD0003D6A5 /* Base in Resources */,
			);
			runOnlyForDeploymentPostprocessing = 0;
		};
/* End PBXResourcesBuildPhase section */

/* Begin PBXSourcesBuildPhase section */
		8B034AEC2C81EABB0003D6A5 /* Sources */ = {
			isa = PBXSourcesBuildPhase;
			buildActionMask = 2147483647;
			files = (
				8BD8AD4C2C986CAE003B880B /* Buttons.swift in Sources */,
				8BD8AD602C99C50D003B880B /* APIService.swift in Sources */,
				8B034AF42C81EABB0003D6A5 /* AppDelegate.swift in Sources */,
				8BD8AD6C2C99CAAF003B880B /* ImageViews.swift in Sources */,
				8B034B112C822AAC0003D6A5 /* FavoritesController.swift in Sources */,
				8B034B132C8325B10003D6A5 /* MainTabController.swift in Sources */,
				8B034B0F2C822A970003D6A5 /* SearchController.swift in Sources */,
				8B034AF62C81EABB0003D6A5 /* SceneDelegate.swift in Sources */,
				8BD8AD5A2C99C082003B880B /* Book.swift in Sources */,
				8BD8AD462C986A17003B880B /* Constants.swift in Sources */,
				8BD8AD482C986ACD003B880B /* Extensions.swift in Sources */,
				8BD8AD4A2C986C35003B880B /* Textfields.swift in Sources */,
				8BD8AD6A2C99CA54003B880B /* BookController.swift in Sources */,
			);
			runOnlyForDeploymentPostprocessing = 0;
		};
/* End PBXSourcesBuildPhase section */

/* Begin PBXVariantGroup section */
		8B034AFE2C81EABD0003D6A5 /* LaunchScreen.storyboard */ = {
			isa = PBXVariantGroup;
			children = (
				8B034AFF2C81EABD0003D6A5 /* Base */,
			);
			name = LaunchScreen.storyboard;
			sourceTree = "<group>";
		};
/* End PBXVariantGroup section */

/* Begin XCBuildConfiguration section */
		8B034B022C81EABD0003D6A5 /* Debug */ = {
			isa = XCBuildConfiguration;
			buildSettings = {
				ALWAYS_SEARCH_USER_PATHS = NO;
				ASSETCATALOG_COMPILER_GENERATE_SWIFT_ASSET_SYMBOL_EXTENSIONS = YES;
				CLANG_ANALYZER_NONNULL = YES;
				CLANG_ANALYZER_NUMBER_OBJECT_CONVERSION = YES_AGGRESSIVE;
				CLANG_CXX_LANGUAGE_STANDARD = "gnu++20";
				CLANG_ENABLE_MODULES = YES;
				CLANG_ENABLE_OBJC_ARC = YES;
				CLANG_ENABLE_OBJC_WEAK = YES;
				CLANG_WARN_BLOCK_CAPTURE_AUTORELEASING = YES;
				CLANG_WARN_BOOL_CONVERSION = YES;
				CLANG_WARN_COMMA = YES;
				CLANG_WARN_CONSTANT_CONVERSION = YES;
				CLANG_WARN_DEPRECATED_OBJC_IMPLEMENTATIONS = YES;
				CLANG_WARN_DIRECT_OBJC_ISA_USAGE = YES_ERROR;
				CLANG_WARN_DOCUMENTATION_COMMENTS = YES;
				CLANG_WARN_EMPTY_BODY = YES;
				CLANG_WARN_ENUM_CONVERSION = YES;
				CLANG_WARN_INFINITE_RECURSION = YES;
				CLANG_WARN_INT_CONVERSION = YES;
				CLANG_WARN_NON_LITERAL_NULL_CONVERSION = YES;
				CLANG_WARN_OBJC_IMPLICIT_RETAIN_SELF = YES;
				CLANG_WARN_OBJC_LITERAL_CONVERSION = YES;
				CLANG_WARN_OBJC_ROOT_CLASS = YES_ERROR;
				CLANG_WARN_QUOTED_INCLUDE_IN_FRAMEWORK_HEADER = YES;
				CLANG_WARN_RANGE_LOOP_ANALYSIS = YES;
				CLANG_WARN_STRICT_PROTOTYPES = YES;
				CLANG_WARN_SUSPICIOUS_MOVE = YES;
				CLANG_WARN_UNGUARDED_AVAILABILITY = YES_AGGRESSIVE;
				CLANG_WARN_UNREACHABLE_CODE = YES;
				CLANG_WARN__DUPLICATE_METHOD_MATCH = YES;
				COPY_PHASE_STRIP = NO;
				DEBUG_INFORMATION_FORMAT = dwarf;
				ENABLE_STRICT_OBJC_MSGSEND = YES;
				ENABLE_TESTABILITY = YES;
				ENABLE_USER_SCRIPT_SANDBOXING = YES;
				GCC_C_LANGUAGE_STANDARD = gnu17;
				GCC_DYNAMIC_NO_PIC = NO;
				GCC_NO_COMMON_BLOCKS = YES;
				GCC_OPTIMIZATION_LEVEL = 0;
				GCC_PREPROCESSOR_DEFINITIONS = (
					"DEBUG=1",
					"$(inherited)",
				);
				GCC_WARN_64_TO_32_BIT_CONVERSION = YES;
				GCC_WARN_ABOUT_RETURN_TYPE = YES_ERROR;
				GCC_WARN_UNDECLARED_SELECTOR = YES;
				GCC_WARN_UNINITIALIZED_AUTOS = YES_AGGRESSIVE;
				GCC_WARN_UNUSED_FUNCTION = YES;
				GCC_WARN_UNUSED_VARIABLE = YES;
				IPHONEOS_DEPLOYMENT_TARGET = 15.0;
				LOCALIZATION_PREFERS_STRING_CATALOGS = YES;
				MTL_ENABLE_DEBUG_INFO = INCLUDE_SOURCE;
				MTL_FAST_MATH = YES;
				ONLY_ACTIVE_ARCH = YES;
				SDKROOT = iphoneos;
				SWIFT_ACTIVE_COMPILATION_CONDITIONS = "DEBUG $(inherited)";
				SWIFT_OPTIMIZATION_LEVEL = "-Onone";
			};
			name = Debug;
		};
		8B034B032C81EABD0003D6A5 /* Release */ = {
			isa = XCBuildConfiguration;
			buildSettings = {
				ALWAYS_SEARCH_USER_PATHS = NO;
				ASSETCATALOG_COMPILER_GENERATE_SWIFT_ASSET_SYMBOL_EXTENSIONS = YES;
				CLANG_ANALYZER_NONNULL = YES;
				CLANG_ANALYZER_NUMBER_OBJECT_CONVERSION = YES_AGGRESSIVE;
				CLANG_CXX_LANGUAGE_STANDARD = "gnu++20";
				CLANG_ENABLE_MODULES = YES;
				CLANG_ENABLE_OBJC_ARC = YES;
				CLANG_ENABLE_OBJC_WEAK = YES;
				CLANG_WARN_BLOCK_CAPTURE_AUTORELEASING = YES;
				CLANG_WARN_BOOL_CONVERSION = YES;
				CLANG_WARN_COMMA = YES;
				CLANG_WARN_CONSTANT_CONVERSION = YES;
				CLANG_WARN_DEPRECATED_OBJC_IMPLEMENTATIONS = YES;
				CLANG_WARN_DIRECT_OBJC_ISA_USAGE = YES_ERROR;
				CLANG_WARN_DOCUMENTATION_COMMENTS = YES;
				CLANG_WARN_EMPTY_BODY = YES;
				CLANG_WARN_ENUM_CONVERSION = YES;
				CLANG_WARN_INFINITE_RECURSION = YES;
				CLANG_WARN_INT_CONVERSION = YES;
				CLANG_WARN_NON_LITERAL_NULL_CONVERSION = YES;
				CLANG_WARN_OBJC_IMPLICIT_RETAIN_SELF = YES;
				CLANG_WARN_OBJC_LITERAL_CONVERSION = YES;
				CLANG_WARN_OBJC_ROOT_CLASS = YES_ERROR;
				CLANG_WARN_QUOTED_INCLUDE_IN_FRAMEWORK_HEADER = YES;
				CLANG_WARN_RANGE_LOOP_ANALYSIS = YES;
				CLANG_WARN_STRICT_PROTOTYPES = YES;
				CLANG_WARN_SUSPICIOUS_MOVE = YES;
				CLANG_WARN_UNGUARDED_AVAILABILITY = YES_AGGRESSIVE;
				CLANG_WARN_UNREACHABLE_CODE = YES;
				CLANG_WARN__DUPLICATE_METHOD_MATCH = YES;
				COPY_PHASE_STRIP = NO;
				DEBUG_INFORMATION_FORMAT = "dwarf-with-dsym";
				ENABLE_NS_ASSERTIONS = NO;
				ENABLE_STRICT_OBJC_MSGSEND = YES;
				ENABLE_USER_SCRIPT_SANDBOXING = YES;
				GCC_C_LANGUAGE_STANDARD = gnu17;
				GCC_NO_COMMON_BLOCKS = YES;
				GCC_WARN_64_TO_32_BIT_CONVERSION = YES;
				GCC_WARN_ABOUT_RETURN_TYPE = YES_ERROR;
				GCC_WARN_UNDECLARED_SELECTOR = YES;
				GCC_WARN_UNINITIALIZED_AUTOS = YES_AGGRESSIVE;
				GCC_WARN_UNUSED_FUNCTION = YES;
				GCC_WARN_UNUSED_VARIABLE = YES;
				IPHONEOS_DEPLOYMENT_TARGET = 15.0;
				LOCALIZATION_PREFERS_STRING_CATALOGS = YES;
				MTL_ENABLE_DEBUG_INFO = NO;
				MTL_FAST_MATH = YES;
				SDKROOT = iphoneos;
				SWIFT_COMPILATION_MODE = wholemodule;
				VALIDATE_PRODUCT = YES;
			};
			name = Release;
		};
		8B034B052C81EABD0003D6A5 /* Debug */ = {
			isa = XCBuildConfiguration;
			buildSettings = {
				ASSETCATALOG_COMPILER_APPICON_NAME = AppIcon;
				ASSETCATALOG_COMPILER_GLOBAL_ACCENT_COLOR_NAME = AccentColor;
				CODE_SIGN_STYLE = Automatic;
				CURRENT_PROJECT_VERSION = 1;
				GENERATE_INFOPLIST_FILE = YES;
				INFOPLIST_FILE = "book-search-app/Info.plist";
				INFOPLIST_KEY_CFBundleDisplayName = "Book Search";
				INFOPLIST_KEY_LSApplicationCategoryType = "public.app-category.books";
				INFOPLIST_KEY_UIApplicationSupportsIndirectInputEvents = YES;
				INFOPLIST_KEY_UILaunchStoryboardName = LaunchScreen;
				INFOPLIST_KEY_UISupportedInterfaceOrientations = UIInterfaceOrientationPortrait;
				INFOPLIST_KEY_UISupportedInterfaceOrientations_iPad = "UIInterfaceOrientationLandscapeLeft UIInterfaceOrientationLandscapeRight UIInterfaceOrientationPortrait UIInterfaceOrientationPortraitUpsideDown";
				IPHONEOS_DEPLOYMENT_TARGET = 15.0;
				LD_RUNPATH_SEARCH_PATHS = (
					"$(inherited)",
					"@executable_path/Frameworks",
				);
				MARKETING_VERSION = 1.0;
				PRODUCT_BUNDLE_IDENTIFIER = "io.github.otegecmis.book-search-app";
				PRODUCT_NAME = "$(TARGET_NAME)";
				SUPPORTED_PLATFORMS = "iphoneos iphonesimulator";
				SUPPORTS_MACCATALYST = NO;
				SUPPORTS_MAC_DESIGNED_FOR_IPHONE_IPAD = NO;
				SUPPORTS_XR_DESIGNED_FOR_IPHONE_IPAD = NO;
				SWIFT_EMIT_LOC_STRINGS = YES;
				SWIFT_VERSION = 5.0;
				TARGETED_DEVICE_FAMILY = 1;
			};
			name = Debug;
		};
		8B034B062C81EABD0003D6A5 /* Release */ = {
			isa = XCBuildConfiguration;
			buildSettings = {
				ASSETCATALOG_COMPILER_APPICON_NAME = AppIcon;
				ASSETCATALOG_COMPILER_GLOBAL_ACCENT_COLOR_NAME = AccentColor;
				CODE_SIGN_STYLE = Automatic;
				CURRENT_PROJECT_VERSION = 1;
				GENERATE_INFOPLIST_FILE = YES;
				INFOPLIST_FILE = "book-search-app/Info.plist";
				INFOPLIST_KEY_CFBundleDisplayName = "Book Search";
				INFOPLIST_KEY_LSApplicationCategoryType = "public.app-category.books";
				INFOPLIST_KEY_UIApplicationSupportsIndirectInputEvents = YES;
				INFOPLIST_KEY_UILaunchStoryboardName = LaunchScreen;
				INFOPLIST_KEY_UISupportedInterfaceOrientations = UIInterfaceOrientationPortrait;
				INFOPLIST_KEY_UISupportedInterfaceOrientations_iPad = "UIInterfaceOrientationLandscapeLeft UIInterfaceOrientationLandscapeRight UIInterfaceOrientationPortrait UIInterfaceOrientationPortraitUpsideDown";
				IPHONEOS_DEPLOYMENT_TARGET = 15.0;
				LD_RUNPATH_SEARCH_PATHS = (
					"$(inherited)",
					"@executable_path/Frameworks",
				);
				MARKETING_VERSION = 1.0;
				PRODUCT_BUNDLE_IDENTIFIER = "io.github.otegecmis.book-search-app";
				PRODUCT_NAME = "$(TARGET_NAME)";
				SUPPORTED_PLATFORMS = "iphoneos iphonesimulator";
				SUPPORTS_MACCATALYST = NO;
				SUPPORTS_MAC_DESIGNED_FOR_IPHONE_IPAD = NO;
				SUPPORTS_XR_DESIGNED_FOR_IPHONE_IPAD = NO;
				SWIFT_EMIT_LOC_STRINGS = YES;
				SWIFT_VERSION = 5.0;
				TARGETED_DEVICE_FAMILY = 1;
			};
			name = Release;
		};
/* End XCBuildConfiguration section */

/* Begin XCConfigurationList section */
		8B034AEB2C81EABB0003D6A5 /* Build configuration list for PBXProject "book-search-app" */ = {
			isa = XCConfigurationList;
			buildConfigurations = (
				8B034B022C81EABD0003D6A5 /* Debug */,
				8B034B032C81EABD0003D6A5 /* Release */,
			);
			defaultConfigurationIsVisible = 0;
			defaultConfigurationName = Release;
		};
		8B034B042C81EABD0003D6A5 /* Build configuration list for PBXNativeTarget "book-search-app" */ = {
			isa = XCConfigurationList;
			buildConfigurations = (
				8B034B052C81EABD0003D6A5 /* Debug */,
				8B034B062C81EABD0003D6A5 /* Release */,
			);
			defaultConfigurationIsVisible = 0;
			defaultConfigurationName = Release;
		};
/* End XCConfigurationList section */

/* Begin XCRemoteSwiftPackageReference section */
		8BD8AD662C99C613003B880B /* XCRemoteSwiftPackageReference "Alamofire" */ = {
			isa = XCRemoteSwiftPackageReference;
			repositoryURL = "https://github.com/Alamofire/Alamofire.git";
			requirement = {
				kind = upToNextMajorVersion;
				minimumVersion = 5.9.1;
			};
		};
/* End XCRemoteSwiftPackageReference section */

/* Begin XCSwiftPackageProductDependency section */
		8BD8AD672C99C613003B880B /* Alamofire */ = {
			isa = XCSwiftPackageProductDependency;
			package = 8BD8AD662C99C613003B880B /* XCRemoteSwiftPackageReference "Alamofire" */;
			productName = Alamofire;
		};
/* End XCSwiftPackageProductDependency section */
	};
	rootObject = 8B034AE82C81EABB0003D6A5 /* Project object */;
}
